<?xml version="1.0" encoding="utf-8"?>
<Project ToolsVersion="4.0" xmlns="http://schemas.microsoft.com/developer/msbuild/2003">
  <ItemGroup>
    <FxCompile Include="shader\PS_IceState.hlsl" />
    <FxCompile Include="shader\unlitTexturePS.hlsl" />
    <FxCompile Include="shader\unlitTextureVS.hlsl" />
    <FxCompile Include="shader\vertexLightingPS.hlsl" />
    <FxCompile Include="shader\vertexLightingVS.hlsl" />
    <FxCompile Include="shader\VS_OneSkinAnimation.hlsl" />
    <FxCompile Include="shader\PS_MirrorUV.hlsl" />
  </ItemGroup>
  <ItemGroup>
    <ClCompile Include="Component\Com_Audio.cpp" />
    <ClCompile Include="Component\Com_Billboard.cpp" />
    <ClCompile Include="Component\Com_BoxCollider.cpp" />
    <ClCompile Include="Component\Com_Camera.cpp" />
    <ClCompile Include="Component\Com_Collider.cpp" />
    <ClCompile Include="Component\Com_CustomSprite.cpp" />
    <ClCompile Include="Component\Com_CylinderCollider.cpp" />
    <ClCompile Include="Component\Com_FollowCamera.cpp" />
    <ClCompile Include="Component\Com_3DSprite.cpp" />
    <ClCompile Include="Component\Com_ModelRenderer.cpp" />
    <ClCompile Include="Component\Com_RenderCollisionLine_Box.cpp" />
    <ClCompile Include="Component\Com_RenderCollisionLine_Cylinder.cpp" />
    <ClCompile Include="Component\Com_Shader.cpp" />
    <ClCompile Include="Component\Com_SphereCollider.cpp" />
    <ClCompile Include="Component\Com_Sprite.cpp" />
    <ClCompile Include="Component\Com_Transform.cpp" />
    <ClCompile Include="Component\Com_PointCollider.cpp" />
    <ClCompile Include="Component\Com_RenderCollisionPoint.cpp" />
    <ClCompile Include="Component\Com_RenderCollider.cpp" />
    <ClCompile Include="InternCodeAdachi\Com_Shadow.cpp" />
    <ClCompile Include="InternCode.Kizuki\OBJ_AzarashiRemain.cpp" />
    <ClCompile Include="InternCode.Kizuki\OBJ_Number.cpp" />
    <ClCompile Include="InternCode.Kizuki\OBJ_TitleLogo.cpp" />
    <ClCompile Include="InternCode.Kizuki\Scene_Debug.cpp" />
    <ClCompile Include="InternCodeAdachi\Com_AngleCamera.cpp" />
    <ClCompile Include="InternCode.Kizuki\OBJ_Inpact.cpp" />
    <ClCompile Include="InternCodeAdachi\Com_Jump.cpp" />
    <ClCompile Include="InternCodeAdachi\Com_Gravity.cpp" />
    <ClCompile Include="InternCodeAdachi\Com_Foot.cpp" />
    <ClCompile Include="InternCodeAdachi\Com_Model.cpp" />
    <ClCompile Include="InternCodeAdachi\Com_RenderCollisionLine_Sphere.cpp" />
    <ClCompile Include="DirectX\renderer.cpp" />
    <ClCompile Include="DirectX\Shader.cpp" />
    <ClCompile Include="DirectX\ShaderResourceView.cpp" />
    <ClCompile Include="GameObject\GameObject.cpp" />
    <ClCompile Include="InternCode.Kizuki\Com_CharacterJump.cpp" />
    <ClCompile Include="InternCode.Kizuki\Com_CharacterMove.cpp" />
    <ClCompile Include="InternCode.Kizuki\OBJ_PlayerCharacter.cpp" />
    <ClCompile Include="InternCodeAdachi\CSVLoad.cpp" />
    <ClCompile Include="main.cpp" />
    <ClCompile Include="GameObject\OBJ_Transition.cpp" />
    <ClCompile Include="InternCodeAdachi\OBJ_Penguin.cpp" />
    <ClCompile Include="InternCodeAdachi\OBJ_Ice.cpp" />
    <ClCompile Include="InternCodeAdachi\OBJ_Azarashi.cpp" />
    <ClCompile Include="InternCodeAdachi\OBJ_Sea.cpp" />
    <ClCompile Include="InternCodeAdachi\OBJ_AzarashiManager.cpp" />
    <ClCompile Include="GameObject\OBJ_Shadow.cpp" />
    <ClCompile Include="InternCodeAdachi\OBJ_BackGround.cpp" />
    <ClCompile Include="Scene\Scene.cpp" />
    <ClCompile Include="Scene\Scene_Title.cpp" />
    <ClCompile Include="Scene\Scene_Test.cpp" />
    <ClCompile Include="Scene\Scene_ModelLoad.cpp" />
    <ClCompile Include="System\Application.cpp" />
    <ClCompile Include="System\Collision.cpp" />
    <ClCompile Include="System\CustomMath.cpp" />
    <ClCompile Include="System\HighGetRand.cpp" />
    <ClCompile Include="System\Input.cpp" />
    <ClCompile Include="System\manager.cpp" />
    <ClCompile Include="System\ModelData.cpp" />
    <ClCompile Include="System\ModelPool.cpp" />
    <ClCompile Include="System\TextureCreate.cpp" />
    <ClCompile Include="System\Time.cpp" />
    <ClCompile Include="System\utftosjisconv.cpp" />
    <ClCompile Include="Utility.cpp" />
    <ClCompile Include="Component\Com_DiagonalProjection.cpp" />
    <ClCompile Include="GameObject\OBJ_Particle.cpp" />
    <ClCompile Include="GameObject\OBJ_Emitter.cpp" />
    <ClCompile Include="InternCode.Kizuki\OBJ_JumpEffect.cpp" />
    <ClCompile Include="InternCodeAdachi\OBJ_Score.cpp" />
    <ClCompile Include="InternCodeAdachi\OBJ_BackPenguinRed.cpp" />
    <ClCompile Include="InternCodeAdachi\OBJ_BackPenguinBlue.cpp" />
    <ClCompile Include="InternCodeAdachi\OBJ_DisplayScore.cpp" />
    <ClCompile Include="InternCodeAdachi\OBJ_IceManager.cpp" />
    <ClCompile Include="InternCodeAdachi\Com_AzarshiHit.cpp" />
    <ClCompile Include="InternCodeAdachi\GameManager.cpp" />
    <ClCompile Include="InternCodeAdachi\OBJ_Fall.cpp" />
    <ClCompile Include="InternCodeAdachi\OBJ_ComboDisplay.cpp" />
    <ClCompile Include="InternCodeAdachi\Com_PenguinGravity.cpp" />
    <ClCompile Include="InternCode.Kizuki\OBJ_HipEffect.cpp" />
    <ClCompile Include="InternCodeAdachi\GameManager.cpp" />
    <ClCompile Include="InternCodeAdachi\OBJ_Fall.cpp" />
    <ClCompile Include="InternCodeAdachi\OBJ_ComboDisplay.cpp" />
    <ClCompile Include="Component\Com_EffectBillboard.cpp" />
    <ClCompile Include="InternCodeAdachi\OBJ_SeaSprite.cpp" />
    <ClCompile Include="Scene\Scene_Game.cpp" />
    <ClCompile Include="InternCode.Kizuki\OBJ_AzarashiAttackEffect.cpp" />
    <ClCompile Include="InternCode.Kizuki\OBJ_AzarashiDeadEffect.cpp" />
    <ClCompile Include="Component\Com_Scaling.cpp" />
    <ClCompile Include="Scene\Scene_Clear.cpp" />
    <ClCompile Include="GameObject\OBJ_HalfFade.cpp" />
    <ClCompile Include="GameObject\OBJ_GameOver.cpp" />
    <ClCompile Include="InternCodeAdachi\OBJ_Sky.cpp" />
    <ClCompile Include="InternCodeAdachi\OBJ_ResultPenguin.cpp" />
    <ClCompile Include="InternCodeAdachi\OBJ_Warning.cpp" />
  </ItemGroup>
  <ItemGroup>
    <ClInclude Include="Component\Component.h" />
    <ClInclude Include="ComponentHeader.h" />
    <ClInclude Include="Component\Com_Audio.h" />
    <ClInclude Include="Component\Com_Billboard.h" />
    <ClInclude Include="Component\Com_BoxCollider.h" />
    <ClInclude Include="Component\Com_Camera.h" />
    <ClInclude Include="Component\Com_CameraTransform.h" />
    <ClInclude Include="Component\Com_Collider.h" />
    <ClInclude Include="Component\Com_CustomSprite.h" />
    <ClInclude Include="Component\Com_CylinderCollider.h" />
    <ClInclude Include="Component\Com_FollowCamera.h" />
    <ClInclude Include="Component\Com_3DSprite.h" />
    <ClInclude Include="Component\Com_ModelRenderer.h" />
    <ClInclude Include="Component\Com_RenderCollisionLine_Box.h" />
    <ClInclude Include="Component\Com_RenderCollisionLine_Cylinder.h" />
    <ClInclude Include="Component\Com_Shader.h" />
    <ClInclude Include="Component\Com_SphereCollider.h" />
    <ClInclude Include="Component\Com_Sprite.h" />
    <ClInclude Include="Component\Com_Transform.h" />
    <ClInclude Include="Component\Com_PointCollider.h" />
    <ClInclude Include="Component\Com_RenderCollisionPoint.h" />
    <ClInclude Include="Component\Com_RenderCollider.h" />
    <ClInclude Include="InternCodeAdachi\Com_Shadow.h" />
    <ClInclude Include="InternCode.Kizuki\OBJ_AzarashiRemain.h" />
    <ClInclude Include="InternCode.Kizuki\OBJ_Number.h" />
    <ClInclude Include="InternCode.Kizuki\OBJ_TitleLogo.h" />
    <ClInclude Include="InternCode.Kizuki\Scene_Debug.h" />
    <ClInclude Include="InternCodeAdachi\Com_AngleCamera.h" />
    <ClInclude Include="InternCode.Kizuki\OBJ_Inpact.h" />
    <ClInclude Include="InternCodeAdachi\Com_Jump.h" />
    <ClInclude Include="InternCodeAdachi\Com_Model.h" />
    <ClInclude Include="InternCodeAdachi\Com_TestJump.h" />
    <ClInclude Include="InternCodeAdachi\Com_Gravity.h" />
    <ClInclude Include="InternCodeAdachi\Com_Foot.h" />
    <ClInclude Include="InternCodeAdachi\Com_RenderCollisionLine_Sphere.h" />
    <ClInclude Include="DirectX\renderer.h" />
    <ClInclude Include="DirectX\Shader.h" />
    <ClInclude Include="DirectX\ShaderResourceView.h" />
    <ClInclude Include="Format.h" />
    <ClInclude Include="GameObject\GameObject.h" />
    <ClInclude Include="GameObject\OBJ_Transition.h" />
    <ClInclude Include="InternCode.Kizuki\Com_CharacterJump.h" />
    <ClInclude Include="InternCode.Kizuki\Com_CharacterMove.h" />
    <ClInclude Include="InternCode.Kizuki\OBJ_PlayerCharacter.h" />
    <ClInclude Include="InternCodeAdachi\CSVLoad.h" />
    <ClInclude Include="InternCodeAdachi\InternCollision.h" />
    <ClInclude Include="Log.h" />
    <ClInclude Include="main.h" />
    <ClInclude Include="InternCodeAdachi\OBJ_Penguin.h" />
    <ClInclude Include="InternCodeAdachi\OBJ_Ice.h" />
    <ClInclude Include="InternCodeAdachi\OBJ_Azarashi.h" />
    <ClInclude Include="ModelFilePath.h" />
    <ClInclude Include="ModelName.h" />
    <ClInclude Include="InternCodeAdachi\OBJ_Sea.h" />
    <ClInclude Include="InternCodeAdachi\OBJ_AzarashiManager.h" />
    <ClInclude Include="GameObject\OBJ_Shadow.h" />
    <ClInclude Include="InternCodeAdachi\OBJ_BackGround.h" />
    <ClInclude Include="Scene\Scene.h" />
    <ClInclude Include="Scene\Scene_Title.h" />
    <ClInclude Include="Scene\Scene_Test.h" />
    <ClInclude Include="Scene\Scene_ModelLoad.h" />
    <ClInclude Include="System\Application.h" />
    <ClInclude Include="System\Collision.h" />
    <ClInclude Include="System\CustomMath.h" />
    <ClInclude Include="System\fpscontrol.h" />
    <ClInclude Include="System\HighGetRand.h" />
    <ClInclude Include="System\Input.h" />
    <ClInclude Include="System\manager.h" />
    <ClInclude Include="System\ModelData.h" />
    <ClInclude Include="System\ModelPool.h" />
    <ClInclude Include="System\ObjectManager.h" />
    <ClInclude Include="System\TextureCreate.h" />
    <ClInclude Include="System\Time.h" />
    <ClInclude Include="System\utftosjisconv.h" />
    <ClInclude Include="TextureFilePath.h" />
    <ClInclude Include="Utility.h" />
    <ClInclude Include="Component\Com_DiagonalProjection.h" />
    <ClInclude Include="GameObject\OBJ_Emitter.h" />
    <ClInclude Include="GameObject\OBJ_Particle.h" />
    <ClInclude Include="InternCode.Kizuki\OBJ_JumpEffect.h" />
    <ClInclude Include="InternCodeAdachi\OBJ_Score.h" />
    <ClInclude Include="InternCodeAdachi\OBJ_BackPenguinRed.h" />
    <ClInclude Include="InternCodeAdachi\OBJ_BackPenguinBlue.h" />
    <ClInclude Include="InternCodeAdachi\OBJ_DisplayScore.h" />
    <ClInclude Include="InternCodeAdachi\OBJ_IceManager.h" />
    <ClInclude Include="Debug.h" />
    <ClInclude Include="InternCodeAdachi\Com_AzarshiHit.h" />
    <ClInclude Include="InternCodeAdachi\GameManager.h" />
    <ClInclude Include="InternCodeAdachi\OBJ_Fall.h" />
    <ClInclude Include="InternCodeAdachi\OBJ_ComboDisplay.h" />
    <ClInclude Include="InternCodeAdachi\Com_PenguinGravity.h" />
    <ClInclude Include="InternCode.Kizuki\OBJ_HipEffect.h" />
    <ClInclude Include="InternCodeAdachi\GameManager.h" />
    <ClInclude Include="InternCodeAdachi\OBJ_Fall.h" />
    <ClInclude Include="InternCodeAdachi\OBJ_ComboDisplay.h" />
    <ClInclude Include="Component\Com_EffectBillboard.h" />
    <ClInclude Include="InternCodeAdachi\OBJ_SeaSprite.h" />
    <ClInclude Include="Scene\Scene_Game.h" />
    <ClInclude Include="Scene\GameInclude.h" />
    <ClInclude Include="InternCode.Kizuki\OBJ_AzarashiAttackEffect.h" />
    <ClInclude Include="InternCode.Kizuki\OBJ_AzarashiDeadEffect.h" />
    <ClInclude Include="Component\Com_Scaling.h" />
    <ClInclude Include="Scene\Scene_Clear.h" />
    <ClInclude Include="GameObject\OBJ_HalfFade.h" />
    <ClInclude Include="GameObject\OBJ_GameOver.h" />
    <ClInclude Include="InternCodeAdachi\OBJ_Sky.h" />
    <ClInclude Include="InternCodeAdachi\OBJ_ResultPenguin.h" />
    <ClInclude Include="InternCodeAdachi\OBJ_Warning.h" />
  </ItemGroup>
  <ItemGroup>
    <None Include="ClassDiagram.cd" />
  </ItemGroup>
</Project>