<?xml version="1.0" encoding="utf-8"?>
<Project ToolsVersion="4.0" xmlns="http://schemas.microsoft.com/developer/msbuild/2003">
  <ItemGroup>
    <Filter Include="ソース ファイル">
      <UniqueIdentifier>{4FC737F1-C7A5-4376-A066-2A32D752A2FF}</UniqueIdentifier>
      <Extensions>cpp;c;cc;cxx;c++;cppm;ixx;def;odl;idl;hpj;bat;asm;asmx</Extensions>
    </Filter>
    <Filter Include="ヘッダー ファイル">
      <UniqueIdentifier>{93995380-89BD-4b04-88EB-625FBE52EBFB}</UniqueIdentifier>
      <Extensions>h;hh;hpp;hxx;h++;hm;inl;inc;ipp;xsd</Extensions>
    </Filter>
    <Filter Include="リソース ファイル">
      <UniqueIdentifier>{67DA6AB6-F800-4c08-8B7A-83BB121AAD01}</UniqueIdentifier>
      <Extensions>rc;ico;cur;bmp;dlg;rc2;rct;bin;rgs;gif;jpg;jpeg;jpe;resx;tiff;tif;png;wav;mfcribbon-ms</Extensions>
    </Filter>
    <Filter Include="ソース ファイル\System">
      <UniqueIdentifier>{137620e8-5704-4791-a0b4-f1a33979e4cc}</UniqueIdentifier>
    </Filter>
    <Filter Include="ソース ファイル\Component">
      <UniqueIdentifier>{1d439bc0-9650-485c-aa3f-8c32e8235e20}</UniqueIdentifier>
    </Filter>
    <Filter Include="ソース ファイル\GameObject">
      <UniqueIdentifier>{a7a6cb73-7177-46f5-95a4-91df22e80ace}</UniqueIdentifier>
    </Filter>
    <Filter Include="ソース ファイル\Scene">
      <UniqueIdentifier>{8f8d6965-9341-45e3-b3f5-89bf839101ad}</UniqueIdentifier>
    </Filter>
    <Filter Include="ヘッダー ファイル\Component">
      <UniqueIdentifier>{b2c84fed-3dd2-4ec7-8bf8-eb5d04662701}</UniqueIdentifier>
    </Filter>
    <Filter Include="ヘッダー ファイル\GameObject">
      <UniqueIdentifier>{8da1b327-3b52-4600-8433-a9703dfb92a5}</UniqueIdentifier>
    </Filter>
    <Filter Include="ヘッダー ファイル\Scene">
      <UniqueIdentifier>{1f07e19d-26c9-47b8-9175-6f16e707458d}</UniqueIdentifier>
    </Filter>
    <Filter Include="ヘッダー ファイル\System">
      <UniqueIdentifier>{9ebe0b63-66aa-46be-b346-54e88b68481a}</UniqueIdentifier>
    </Filter>
    <Filter Include="ソース ファイル\DirectX">
      <UniqueIdentifier>{ce256c35-f319-4328-a6da-1fd37ceb8ccd}</UniqueIdentifier>
    </Filter>
    <Filter Include="ヘッダー ファイル\DirectX">
      <UniqueIdentifier>{e85f8034-fbb8-41ed-8d33-6c9e00063da1}</UniqueIdentifier>
    </Filter>
    <Filter Include="VertexShader">
      <UniqueIdentifier>{c7c3c550-eb75-490b-a254-8926070cc20e}</UniqueIdentifier>
    </Filter>
    <Filter Include="PixelShader">
      <UniqueIdentifier>{dd6b0c13-918c-4da6-bb7c-c3692650b735}</UniqueIdentifier>
    </Filter>
    <Filter Include="InternCodeKizuki">
      <UniqueIdentifier>{d226746f-f922-488a-b247-c99bdc0bef5f}</UniqueIdentifier>
    </Filter>
  </ItemGroup>
  <ItemGroup>
    <ClCompile Include="Component\Com_Audio.cpp">
      <Filter>ソース ファイル\Component</Filter>
    </ClCompile>
    <ClCompile Include="Component\Com_BoxCollider.cpp">
      <Filter>ソース ファイル\Component</Filter>
    </ClCompile>
    <ClCompile Include="Component\Com_Camera.cpp">
      <Filter>ソース ファイル\Component</Filter>
    </ClCompile>
    <ClCompile Include="Component\Com_CylinderCollider.cpp">
      <Filter>ソース ファイル\Component</Filter>
    </ClCompile>
    <ClCompile Include="Component\Com_FollowCamera.cpp">
      <Filter>ソース ファイル\Component</Filter>
    </ClCompile>
    <ClCompile Include="Component\Com_3DSprite.cpp">
      <Filter>ソース ファイル\Component</Filter>
    </ClCompile>
    <ClCompile Include="Component\Com_ModelRenderer.cpp">
      <Filter>ソース ファイル\Component</Filter>
    </ClCompile>
    <ClCompile Include="Component\Com_RenderCollisionLine_Box.cpp">
      <Filter>ソース ファイル\Component</Filter>
    </ClCompile>
    <ClCompile Include="Component\Com_RenderCollisionLine_Cylinder.cpp">
      <Filter>ソース ファイル\Component</Filter>
    </ClCompile>
    <ClCompile Include="Component\Com_Shader.cpp">
      <Filter>ソース ファイル\Component</Filter>
    </ClCompile>
    <ClCompile Include="Component\Com_SphereCollider.cpp">
      <Filter>ソース ファイル\Component</Filter>
    </ClCompile>
    <ClCompile Include="Component\Com_Transform.cpp">
      <Filter>ソース ファイル\Component</Filter>
    </ClCompile>
    <ClCompile Include="GameObject\GameObject.cpp">
      <Filter>ソース ファイル\GameObject</Filter>
    </ClCompile>
    <ClCompile Include="Scene\Scene.cpp">
      <Filter>ソース ファイル\Scene</Filter>
    </ClCompile>
    <ClCompile Include="Scene\Scene_Title.cpp">
      <Filter>ソース ファイル\Scene</Filter>
    </ClCompile>
    <ClCompile Include="Component\Com_Sprite.cpp">
      <Filter>ソース ファイル\Component</Filter>
    </ClCompile>
    <ClCompile Include="Component\Com_Collider.cpp">
      <Filter>ソース ファイル\Component</Filter>
    </ClCompile>
    <ClCompile Include="GameObject\OBJ_Transition.cpp">
      <Filter>ソース ファイル\GameObject</Filter>
    </ClCompile>
    <ClCompile Include="main.cpp">
      <Filter>ソース ファイル</Filter>
    </ClCompile>
    <ClCompile Include="Component\Com_CustomSprite.cpp">
      <Filter>ソース ファイル\Component</Filter>
    </ClCompile>
    <ClCompile Include="Component\Com_PointCollider.cpp">
      <Filter>ソース ファイル\Component</Filter>
    </ClCompile>
    <ClCompile Include="Component\Com_RenderCollider.cpp">
      <Filter>ソース ファイル\Component</Filter>
    </ClCompile>
    <ClCompile Include="Component\Com_RenderCollisionPoint.cpp">
      <Filter>ソース ファイル\Component</Filter>
    </ClCompile>
    <ClCompile Include="System\Application.cpp">
      <Filter>ソース ファイル\System</Filter>
    </ClCompile>
    <ClCompile Include="System\Collision.cpp">
      <Filter>ソース ファイル\System</Filter>
    </ClCompile>
    <ClCompile Include="System\CustomMath.cpp">
      <Filter>ソース ファイル\System</Filter>
    </ClCompile>
    <ClCompile Include="System\HighGetRand.cpp">
      <Filter>ソース ファイル\System</Filter>
    </ClCompile>
    <ClCompile Include="System\Input.cpp">
      <Filter>ソース ファイル\System</Filter>
    </ClCompile>
    <ClCompile Include="System\manager.cpp">
      <Filter>ソース ファイル\System</Filter>
    </ClCompile>
    <ClCompile Include="System\TextureCreate.cpp">
      <Filter>ソース ファイル\System</Filter>
    </ClCompile>
    <ClCompile Include="System\Time.cpp">
      <Filter>ソース ファイル\System</Filter>
    </ClCompile>
    <ClCompile Include="System\utftosjisconv.cpp">
      <Filter>ソース ファイル\System</Filter>
    </ClCompile>
    <ClCompile Include="DirectX\renderer.cpp">
      <Filter>ソース ファイル\DirectX</Filter>
    </ClCompile>
    <ClCompile Include="DirectX\Shader.cpp">
      <Filter>ソース ファイル\DirectX</Filter>
    </ClCompile>
    <ClCompile Include="DirectX\ShaderResourceView.cpp">
      <Filter>ソース ファイル\DirectX</Filter>
    </ClCompile>
    <ClCompile Include="Scene\Scene_Test.cpp">
      <Filter>ソース ファイル</Filter>
    </ClCompile>
    <ClCompile Include="Utility.cpp">
      <Filter>ソース ファイル</Filter>
    </ClCompile>
    <ClCompile Include="InternCodeAdachi\Com_RenderCollisionLine_Sphere.cpp">
      <Filter>ソース ファイル</Filter>
    </ClCompile>
    <ClCompile Include="InternCodeAdachi\OBJ_Penguin.cpp">
      <Filter>ソース ファイル</Filter>
    </ClCompile>
    <ClCompile Include="InternCodeAdachi\Com_Foot.cpp">
      <Filter>ソース ファイル</Filter>
    </ClCompile>
    <ClCompile Include="InternCodeAdachi\Com_Gravity.cpp">
      <Filter>ソース ファイル</Filter>
    </ClCompile>
    <ClCompile Include="InternCode.Kizuki\OBJ_PlayerCharacter.cpp">
      <Filter>InternCodeKizuki</Filter>
    </ClCompile>
    <ClCompile Include="InternCode.Kizuki\Com_CharacterJump.cpp">
      <Filter>InternCodeKizuki</Filter>
    </ClCompile>
    <ClCompile Include="InternCode.Kizuki\Com_CharacterMove.cpp">
      <Filter>InternCodeKizuki</Filter>
    </ClCompile>
    <ClCompile Include="InternCodeAdachi\Com_AngleCamera.cpp">
      <Filter>ソース ファイル</Filter>
    </ClCompile>
    <ClCompile Include="InternCode.Kizuki\OBJ_Inpact.cpp">
      <Filter>ソース ファイル</Filter>
    </ClCompile>
    <ClCompile Include="InternCodeAdachi\Com_Jump.cpp">
      <Filter>ソース ファイル</Filter>
    </ClCompile>
    <ClCompile Include="InternCodeAdachi\OBJ_Ice.cpp">
      <Filter>ソース ファイル</Filter>
    </ClCompile>
    <ClCompile Include="InternCodeAdachi\Com_Model.cpp">
      <Filter>ソース ファイル</Filter>
    </ClCompile>
    <ClCompile Include="InternCodeAdachi\CSVLoad.cpp">
      <Filter>ソース ファイル</Filter>
    </ClCompile>
    <ClCompile Include="Scene\Scene_ModelLoad.cpp">
      <Filter>ソース ファイル</Filter>
    </ClCompile>
    <ClCompile Include="System\ModelData.cpp">
      <Filter>ソース ファイル</Filter>
    </ClCompile>
    <ClCompile Include="System\ModelPool.cpp">
      <Filter>ソース ファイル</Filter>
    </ClCompile>
    <ClCompile Include="InternCodeAdachi\OBJ_Azarashi.cpp">
      <Filter>ソース ファイル</Filter>
    </ClCompile>
    <ClCompile Include="InternCode.Kizuki\OBJ_TitleStart.cpp">
      <Filter>InternCodeKizuki</Filter>
    </ClCompile>
    <ClCompile Include="InternCode.Kizuki\OBJ_TitleTutorial.cpp">
      <Filter>InternCodeKizuki</Filter>
    </ClCompile>
    <ClCompile Include="Component\Com_Billboard.cpp">
      <Filter>ソース ファイル\Component</Filter>
    </ClCompile>
    <ClCompile Include="InternCodeAdachi\OBJ_Sea.cpp">
      <Filter>ソース ファイル</Filter>
    </ClCompile>
    <ClCompile Include="InternCodeAdachi\OBJ_AzarashiManager.cpp">
      <Filter>ソース ファイル</Filter>
    </ClCompile>
    <ClCompile Include="InternCodeAdachi\OBJ_IceManager.cpp">
      <Filter>ソース ファイル</Filter>
    </ClCompile>
    <ClCompile Include="InternCodeAdachi\OBJ_Sea.cpp">
      <Filter>ソース ファイル</Filter>
    </ClCompile>
    <ClCompile Include="InternCode.Kizuki\Scene_Debug.cpp">
      <Filter>InternCodeKizuki</Filter>
    </ClCompile>
  </ItemGroup>
  <ItemGroup>
    <ClInclude Include="main.h">
      <Filter>ヘッダー ファイル</Filter>
    </ClInclude>
    <ClInclude Include="Component\Com_Audio.h">
      <Filter>ヘッダー ファイル\Component</Filter>
    </ClInclude>
    <ClInclude Include="Component\Com_BoxCollider.h">
      <Filter>ヘッダー ファイル\Component</Filter>
    </ClInclude>
    <ClInclude Include="Component\Com_Camera.h">
      <Filter>ヘッダー ファイル\Component</Filter>
    </ClInclude>
    <ClInclude Include="Component\Com_CylinderCollider.h">
      <Filter>ヘッダー ファイル\Component</Filter>
    </ClInclude>
    <ClInclude Include="Component\Com_FollowCamera.h">
      <Filter>ヘッダー ファイル\Component</Filter>
    </ClInclude>
    <ClInclude Include="Component\Com_3DSprite.h">
      <Filter>ヘッダー ファイル\Component</Filter>
    </ClInclude>
    <ClInclude Include="Component\Com_ModelRenderer.h">
      <Filter>ヘッダー ファイル\Component</Filter>
    </ClInclude>
    <ClInclude Include="Component\Com_RenderCollisionLine_Box.h">
      <Filter>ヘッダー ファイル\Component</Filter>
    </ClInclude>
    <ClInclude Include="Component\Com_RenderCollisionLine_Cylinder.h">
      <Filter>ヘッダー ファイル\Component</Filter>
    </ClInclude>
    <ClInclude Include="Component\Com_Shader.h">
      <Filter>ヘッダー ファイル\Component</Filter>
    </ClInclude>
    <ClInclude Include="Component\Com_SphereCollider.h">
      <Filter>ヘッダー ファイル\Component</Filter>
    </ClInclude>
    <ClInclude Include="Component\Com_Transform.h">
      <Filter>ヘッダー ファイル\Component</Filter>
    </ClInclude>
    <ClInclude Include="Component\Component.h">
      <Filter>ヘッダー ファイル\Component</Filter>
    </ClInclude>
    <ClInclude Include="GameObject\GameObject.h">
      <Filter>ヘッダー ファイル\GameObject</Filter>
    </ClInclude>
    <ClInclude Include="Scene\Scene.h">
      <Filter>ヘッダー ファイル\Scene</Filter>
    </ClInclude>
    <ClInclude Include="Scene\Scene_Title.h">
      <Filter>ヘッダー ファイル\Scene</Filter>
    </ClInclude>
    <ClInclude Include="Component\Com_Sprite.h">
      <Filter>ヘッダー ファイル\Component</Filter>
    </ClInclude>
    <ClInclude Include="Component\Com_Collider.h">
      <Filter>ヘッダー ファイル\Component</Filter>
    </ClInclude>
    <ClInclude Include="Component\Com_CustomSprite.h">
      <Filter>ヘッダー ファイル\Component</Filter>
    </ClInclude>
    <ClInclude Include="TextureFilePath.h">
      <Filter>ヘッダー ファイル</Filter>
    </ClInclude>
    <ClInclude Include="ComponentHeader.h">
      <Filter>ヘッダー ファイル</Filter>
    </ClInclude>
    <ClInclude Include="System\Application.h">
      <Filter>ヘッダー ファイル\System</Filter>
    </ClInclude>
    <ClInclude Include="System\Collision.h">
      <Filter>ヘッダー ファイル\System</Filter>
    </ClInclude>
    <ClInclude Include="Component\Com_PointCollider.h">
      <Filter>ヘッダー ファイル\Component</Filter>
    </ClInclude>
    <ClInclude Include="Component\Com_RenderCollider.h">
      <Filter>ヘッダー ファイル\Component</Filter>
    </ClInclude>
    <ClInclude Include="Component\Com_RenderCollisionPoint.h">
      <Filter>ヘッダー ファイル\Component</Filter>
    </ClInclude>
    <ClInclude Include="Format.h">
      <Filter>ヘッダー ファイル\System</Filter>
    </ClInclude>
    <ClInclude Include="System\fpscontrol.h">
      <Filter>ヘッダー ファイル\System</Filter>
    </ClInclude>
    <ClInclude Include="System\HighGetRand.h">
      <Filter>ヘッダー ファイル\System</Filter>
    </ClInclude>
    <ClInclude Include="System\CustomMath.h">
      <Filter>ヘッダー ファイル\System</Filter>
    </ClInclude>
    <ClInclude Include="System\Input.h">
      <Filter>ヘッダー ファイル\System</Filter>
    </ClInclude>
    <ClInclude Include="System\manager.h">
      <Filter>ヘッダー ファイル\System</Filter>
    </ClInclude>
    <ClInclude Include="System\ObjectManager.h">
      <Filter>ヘッダー ファイル\System</Filter>
    </ClInclude>
    <ClInclude Include="System\TextureCreate.h">
      <Filter>ヘッダー ファイル\System</Filter>
    </ClInclude>
    <ClInclude Include="System\Time.h">
      <Filter>ヘッダー ファイル\System</Filter>
    </ClInclude>
    <ClInclude Include="System\utftosjisconv.h">
      <Filter>ヘッダー ファイル\System</Filter>
    </ClInclude>
    <ClInclude Include="Utility.h">
      <Filter>ヘッダー ファイル\System</Filter>
    </ClInclude>
    <ClInclude Include="DirectX\renderer.h">
      <Filter>ヘッダー ファイル\DirectX</Filter>
    </ClInclude>
    <ClInclude Include="DirectX\Shader.h">
      <Filter>ヘッダー ファイル\DirectX</Filter>
    </ClInclude>
    <ClInclude Include="DirectX\ShaderResourceView.h">
      <Filter>ヘッダー ファイル\DirectX</Filter>
    </ClInclude>
    <ClInclude Include="GameObject\OBJ_Transition.h">
      <Filter>ヘッダー ファイル</Filter>
    </ClInclude>
    <ClInclude Include="Scene\Scene_Test.h">
      <Filter>ヘッダー ファイル</Filter>
    </ClInclude>
    <ClInclude Include="InternCodeAdachi\Com_RenderCollisionLine_Sphere.h">
      <Filter>ヘッダー ファイル</Filter>
    </ClInclude>
    <ClInclude Include="InternCodeAdachi\InternCollision.h">
      <Filter>ヘッダー ファイル</Filter>
    </ClInclude>
    <ClInclude Include="InternCodeAdachi\OBJ_Penguin.h">
      <Filter>ヘッダー ファイル</Filter>
    </ClInclude>
    <ClInclude Include="InternCodeAdachi\Com_Foot.h">
      <Filter>ヘッダー ファイル</Filter>
    </ClInclude>
    <ClInclude Include="InternCodeAdachi\Com_Gravity.h">
      <Filter>ヘッダー ファイル</Filter>
    </ClInclude>
    <ClInclude Include="InternCode.Kizuki\OBJ_PlayerCharacter.h">
      <Filter>InternCodeKizuki</Filter>
    </ClInclude>
    <ClInclude Include="InternCode.Kizuki\Com_CharacterJump.h">
      <Filter>InternCodeKizuki</Filter>
    </ClInclude>
    <ClInclude Include="InternCode.Kizuki\Com_CharacterMove.h">
      <Filter>InternCodeKizuki</Filter>
    </ClInclude>
    <ClInclude Include="InternCodeAdachi\Com_AngleCamera.h">
      <Filter>ヘッダー ファイル</Filter>
    </ClInclude>
    <ClInclude Include="InternCodeAdachi\Com_TestJump.h">
      <Filter>ヘッダー ファイル</Filter>
    </ClInclude>
    <ClInclude Include="InternCode.Kizuki\OBJ_Inpact.h">
      <Filter>ヘッダー ファイル</Filter>
    </ClInclude>
    <ClInclude Include="InternCodeAdachi\Com_Jump.h">
      <Filter>ヘッダー ファイル</Filter>
    </ClInclude>
    <ClInclude Include="InternCodeAdachi\OBJ_Ice.h">
      <Filter>ヘッダー ファイル</Filter>
    </ClInclude>
    <ClInclude Include="InternCodeAdachi\Com_Model.h">
      <Filter>ヘッダー ファイル</Filter>
    </ClInclude>
    <ClInclude Include="InternCodeAdachi\CSVLoad.h">
      <Filter>ヘッダー ファイル</Filter>
    </ClInclude>
    <ClInclude Include="Scene\Scene_ModelLoad.h">
      <Filter>ヘッダー ファイル</Filter>
    </ClInclude>
    <ClInclude Include="System\ModelData.h">
      <Filter>ヘッダー ファイル</Filter>
    </ClInclude>
    <ClInclude Include="System\ModelPool.h">
      <Filter>ヘッダー ファイル</Filter>
    </ClInclude>
    <ClInclude Include="InternCodeAdachi\OBJ_Azarashi.h">
      <Filter>ヘッダー ファイル</Filter>
    </ClInclude>
    <ClInclude Include="ModelName.h">
      <Filter>ヘッダー ファイル</Filter>
    </ClInclude>
    <ClInclude Include="ModelFilePath.h">
      <Filter>ヘッダー ファイル</Filter>
    </ClInclude>
    <ClInclude Include="InternCode.Kizuki\OBJ_TitleStart.h">
      <Filter>InternCodeKizuki</Filter>
    </ClInclude>
    <ClInclude Include="InternCode.Kizuki\OBJ_TitleTutorial.h">
      <Filter>InternCodeKizuki</Filter>
    </ClInclude>
    <ClInclude Include="Component\Com_Billboard.h">
      <Filter>ヘッダー ファイル\Component</Filter>
    </ClInclude>
    <ClInclude Include="Component\Com_CameraTransform.h">
      <Filter>ヘッダー ファイル\Component</Filter>
    </ClInclude>
    <ClInclude Include="InternCodeAdachi\OBJ_Sea.h">
      <Filter>ヘッダー ファイル</Filter>
    </ClInclude>
    <ClInclude Include="InternCodeAdachi\OBJ_AzarashiManager.h">
      <Filter>ヘッダー ファイル</Filter>
    </ClInclude>
    <ClInclude Include="InternCodeAdachi\OBJ_IceManager.h">
      <Filter>ヘッダー ファイル</Filter>
    </ClInclude>
    <ClInclude Include="InternCodeAdachi\OBJ_Sea.h">
      <Filter>ヘッダー ファイル</Filter>
    </ClInclude>
    <ClInclude Include="InternCode.Kizuki\Scene_Debug.h">
      <Filter>InternCodeKizuki</Filter>
    </ClInclude>
  </ItemGroup>
  <ItemGroup>
    <FxCompile Include="shader\unlitTexturePS.hlsl">
      <Filter>PixelShader</Filter>
    </FxCompile>
    <FxCompile Include="shader\vertexLightingPS.hlsl">
      <Filter>PixelShader</Filter>
    </FxCompile>
    <FxCompile Include="shader\unlitTextureVS.hlsl">
      <Filter>VertexShader</Filter>
    </FxCompile>
    <FxCompile Include="shader\vertexLightingVS.hlsl">
      <Filter>VertexShader</Filter>
    </FxCompile>
    <FxCompile Include="shader\PS_IceState.hlsl">
      <Filter>PixelShader</Filter>
    </FxCompile>
  </ItemGroup>
  <ItemGroup>
    <None Include="ClassDiagram.cd" />
  </ItemGroup>
</Project>